// !$*UTF8*$!
{
	archiveVersion = 1;
	classes = {
	};
	objectVersion = 46;
	objects = {

/* Begin PBXBuildFile section */
		2C2A115B1DB76C1F0086001D /* main.m in Sources */ = {isa = PBXBuildFile; fileRef = 2C2A115A1DB76C1F0086001D /* main.m */; };
		2C2A115E1DB76C1F0086001D /* AppDelegate.m in Sources */ = {isa = PBXBuildFile; fileRef = 2C2A115D1DB76C1F0086001D /* AppDelegate.m */; };
		2C2A11611DB76C1F0086001D /* ViewController.m in Sources */ = {isa = PBXBuildFile; fileRef = 2C2A11601DB76C1F0086001D /* ViewController.m */; };
		2C2A11641DB76C1F0086001D /* Main.storyboard in Resources */ = {isa = PBXBuildFile; fileRef = 2C2A11621DB76C1F0086001D /* Main.storyboard */; };
		2C2A11661DB76C1F0086001D /* Assets.xcassets in Resources */ = {isa = PBXBuildFile; fileRef = 2C2A11651DB76C1F0086001D /* Assets.xcassets */; };
		2C2A11691DB76C1F0086001D /* LaunchScreen.storyboard in Resources */ = {isa = PBXBuildFile; fileRef = 2C2A11671DB76C1F0086001D /* LaunchScreen.storyboard */; };
		2CD0C7441DB77DC400A8819F /* icon120.png in Resources */ = {isa = PBXBuildFile; fileRef = 2CD0C73B1DB77DC400A8819F /* icon120.png */; };
		2CD0C7451DB77DC400A8819F /* icon180.png in Resources */ = {isa = PBXBuildFile; fileRef = 2CD0C73C1DB77DC400A8819F /* icon180.png */; };
		2CD0C7461DB77DC400A8819F /* icon352.png in Resources */ = {isa = PBXBuildFile; fileRef = 2CD0C73D1DB77DC400A8819F /* icon352.png */; };
		2CD0C7471DB77DC400A8819F /* icon40.png in Resources */ = {isa = PBXBuildFile; fileRef = 2CD0C73E1DB77DC400A8819F /* icon40.png */; };
		2CD0C7481DB77DC400A8819F /* icon58.png in Resources */ = {isa = PBXBuildFile; fileRef = 2CD0C73F1DB77DC400A8819F /* icon58.png */; };
		2CD0C7491DB77DC400A8819F /* icon60.png in Resources */ = {isa = PBXBuildFile; fileRef = 2CD0C7401DB77DC400A8819F /* icon60.png */; };
		2CD0C74A1DB77DC400A8819F /* icon80.png in Resources */ = {isa = PBXBuildFile; fileRef = 2CD0C7411DB77DC400A8819F /* icon80.png */; };
		2CD0C74B1DB77DC400A8819F /* icon87.png in Resources */ = {isa = PBXBuildFile; fileRef = 2CD0C7421DB77DC400A8819F /* icon87.png */; };
		2CD0C7541DB7831B00A8819F /* JSONKit.m in Sources */ = {isa = PBXBuildFile; fileRef = 2CD0C7531DB7831B00A8819F /* JSONKit.m */; settings = {COMPILER_FLAGS = "-fno-objc-arc"; }; };
		2CD0C7601DB783E000A8819F /* SFLocalPush.m in Sources */ = {isa = PBXBuildFile; fileRef = 2CD0C75E1DB783E000A8819F /* SFLocalPush.m */; };
		2CD0C7611DB783E000A8819F /* SFLocalPush.xib in Resources */ = {isa = PBXBuildFile; fileRef = 2CD0C75F1DB783E000A8819F /* SFLocalPush.xib */; };
		2CD0C7651DB783EE00A8819F /* SFHomeVCTL.m in Sources */ = {isa = PBXBuildFile; fileRef = 2CD0C7631DB783EE00A8819F /* SFHomeVCTL.m */; };
		2CD0C7661DB783EE00A8819F /* SFHomeVCTL.xib in Resources */ = {isa = PBXBuildFile; fileRef = 2CD0C7641DB783EE00A8819F /* SFHomeVCTL.xib */; };
		2CD0C76A1DB7842100A8819F /* SFBasicVCTL.m in Sources */ = {isa = PBXBuildFile; fileRef = 2CD0C7691DB7842100A8819F /* SFBasicVCTL.m */; };
		2CD0C76D1DB7843100A8819F /* SFHelper.m in Sources */ = {isa = PBXBuildFile; fileRef = 2CD0C76C1DB7843100A8819F /* SFHelper.m */; };
/* End PBXBuildFile section */

/* Begin PBXFileReference section */
		2C2A11561DB76C1F0086001D /* SimpleFunction.app */ = {isa = PBXFileReference; explicitFileType = wrapper.application; includeInIndex = 0; path = SimpleFunction.app; sourceTree = BUILT_PRODUCTS_DIR; };
		2C2A115A1DB76C1F0086001D /* main.m */ = {isa = PBXFileReference; lastKnownFileType = sourcecode.c.objc; path = main.m; sourceTree = "<group>"; };
		2C2A115C1DB76C1F0086001D /* AppDelegate.h */ = {isa = PBXFileReference; lastKnownFileType = sourcecode.c.h; path = AppDelegate.h; sourceTree = "<group>"; };
		2C2A115D1DB76C1F0086001D /* AppDelegate.m */ = {isa = PBXFileReference; lastKnownFileType = sourcecode.c.objc; path = AppDelegate.m; sourceTree = "<group>"; };
		2C2A115F1DB76C1F0086001D /* ViewController.h */ = {isa = PBXFileReference; lastKnownFileType = sourcecode.c.h; path = ViewController.h; sourceTree = "<group>"; };
		2C2A11601DB76C1F0086001D /* ViewController.m */ = {isa = PBXFileReference; lastKnownFileType = sourcecode.c.objc; path = ViewController.m; sourceTree = "<group>"; };
		2C2A11631DB76C1F0086001D /* Base */ = {isa = PBXFileReference; lastKnownFileType = file.storyboard; name = Base; path = Base.lproj/Main.storyboard; sourceTree = "<group>"; };
		2C2A11651DB76C1F0086001D /* Assets.xcassets */ = {isa = PBXFileReference; lastKnownFileType = folder.assetcatalog; path = Assets.xcassets; sourceTree = "<group>"; };
		2C2A11681DB76C1F0086001D /* Base */ = {isa = PBXFileReference; lastKnownFileType = file.storyboard; name = Base; path = Base.lproj/LaunchScreen.storyboard; sourceTree = "<group>"; };
		2C2A116A1DB76C1F0086001D /* Info.plist */ = {isa = PBXFileReference; lastKnownFileType = text.plist.xml; path = Info.plist; sourceTree = "<group>"; };
		2CD0C73B1DB77DC400A8819F /* icon120.png */ = {isa = PBXFileReference; lastKnownFileType = image.png; path = icon120.png; sourceTree = "<group>"; };
		2CD0C73C1DB77DC400A8819F /* icon180.png */ = {isa = PBXFileReference; lastKnownFileType = image.png; path = icon180.png; sourceTree = "<group>"; };
		2CD0C73D1DB77DC400A8819F /* icon352.png */ = {isa = PBXFileReference; lastKnownFileType = image.png; path = icon352.png; sourceTree = "<group>"; };
		2CD0C73E1DB77DC400A8819F /* icon40.png */ = {isa = PBXFileReference; lastKnownFileType = image.png; path = icon40.png; sourceTree = "<group>"; };
		2CD0C73F1DB77DC400A8819F /* icon58.png */ = {isa = PBXFileReference; lastKnownFileType = image.png; path = icon58.png; sourceTree = "<group>"; };
		2CD0C7401DB77DC400A8819F /* icon60.png */ = {isa = PBXFileReference; lastKnownFileType = image.png; path = icon60.png; sourceTree = "<group>"; };
		2CD0C7411DB77DC400A8819F /* icon80.png */ = {isa = PBXFileReference; lastKnownFileType = image.png; path = icon80.png; sourceTree = "<group>"; };
		2CD0C7421DB77DC400A8819F /* icon87.png */ = {isa = PBXFileReference; lastKnownFileType = image.png; path = icon87.png; sourceTree = "<group>"; };
		2CD0C7521DB7831B00A8819F /* JSONKit.h */ = {isa = PBXFileReference; fileEncoding = 4; lastKnownFileType = sourcecode.c.h; path = JSONKit.h; sourceTree = "<group>"; };
		2CD0C7531DB7831B00A8819F /* JSONKit.m */ = {isa = PBXFileReference; fileEncoding = 4; lastKnownFileType = sourcecode.c.objc; path = JSONKit.m; sourceTree = "<group>"; };
		2CD0C75D1DB783E000A8819F /* SFLocalPush.h */ = {isa = PBXFileReference; fileEncoding = 4; lastKnownFileType = sourcecode.c.h; path = SFLocalPush.h; sourceTree = "<group>"; };
		2CD0C75E1DB783E000A8819F /* SFLocalPush.m */ = {isa = PBXFileReference; fileEncoding = 4; lastKnownFileType = sourcecode.c.objc; path = SFLocalPush.m; sourceTree = "<group>"; };
		2CD0C75F1DB783E000A8819F /* SFLocalPush.xib */ = {isa = PBXFileReference; fileEncoding = 4; lastKnownFileType = file.xib; path = SFLocalPush.xib; sourceTree = "<group>"; };
		2CD0C7621DB783EE00A8819F /* SFHomeVCTL.h */ = {isa = PBXFileReference; fileEncoding = 4; lastKnownFileType = sourcecode.c.h; path = SFHomeVCTL.h; sourceTree = "<group>"; };
		2CD0C7631DB783EE00A8819F /* SFHomeVCTL.m */ = {isa = PBXFileReference; fileEncoding = 4; lastKnownFileType = sourcecode.c.objc; path = SFHomeVCTL.m; sourceTree = "<group>"; };
		2CD0C7641DB783EE00A8819F /* SFHomeVCTL.xib */ = {isa = PBXFileReference; fileEncoding = 4; lastKnownFileType = file.xib; path = SFHomeVCTL.xib; sourceTree = "<group>"; };
		2CD0C7681DB7842100A8819F /* SFBasicVCTL.h */ = {isa = PBXFileReference; fileEncoding = 4; lastKnownFileType = sourcecode.c.h; path = SFBasicVCTL.h; sourceTree = "<group>"; };
		2CD0C7691DB7842100A8819F /* SFBasicVCTL.m */ = {isa = PBXFileReference; fileEncoding = 4; lastKnownFileType = sourcecode.c.objc; path = SFBasicVCTL.m; sourceTree = "<group>"; };
		2CD0C76B1DB7843100A8819F /* SFHelper.h */ = {isa = PBXFileReference; fileEncoding = 4; lastKnownFileType = sourcecode.c.h; path = SFHelper.h; sourceTree = "<group>"; };
		2CD0C76C1DB7843100A8819F /* SFHelper.m */ = {isa = PBXFileReference; fileEncoding = 4; lastKnownFileType = sourcecode.c.objc; path = SFHelper.m; sourceTree = "<group>"; };
/* End PBXFileReference section */

/* Begin PBXFrameworksBuildPhase section */
		2C2A11531DB76C1E0086001D /* Frameworks */ = {
			isa = PBXFrameworksBuildPhase;
			buildActionMask = 2147483647;
			files = (
			);
			runOnlyForDeploymentPostprocessing = 0;
		};
/* End PBXFrameworksBuildPhase section */

/* Begin PBXGroup section */
		2C2A114D1DB76C1E0086001D = {
			isa = PBXGroup;
			children = (
				2C2A11581DB76C1F0086001D /* SimpleFunction */,
				2C2A11571DB76C1F0086001D /* Products */,
			);
			sourceTree = "<group>";
		};
		2C2A11571DB76C1F0086001D /* Products */ = {
			isa = PBXGroup;
			children = (
				2C2A11561DB76C1F0086001D /* SimpleFunction.app */,
			);
			name = Products;
			sourceTree = "<group>";
		};
		2C2A11581DB76C1F0086001D /* SimpleFunction */ = {
			isa = PBXGroup;
			children = (
				2CD0C7191DB76F9400A8819F /* sylar */,
				2C2A115C1DB76C1F0086001D /* AppDelegate.h */,
				2C2A115D1DB76C1F0086001D /* AppDelegate.m */,
				2C2A115F1DB76C1F0086001D /* ViewController.h */,
				2C2A11601DB76C1F0086001D /* ViewController.m */,
				2C2A11621DB76C1F0086001D /* Main.storyboard */,
				2C2A11651DB76C1F0086001D /* Assets.xcassets */,
				2C2A11671DB76C1F0086001D /* LaunchScreen.storyboard */,
				2C2A116A1DB76C1F0086001D /* Info.plist */,
				2C2A11591DB76C1F0086001D /* Supporting Files */,
			);
			path = SimpleFunction;
			sourceTree = "<group>";
		};
		2C2A11591DB76C1F0086001D /* Supporting Files */ = {
			isa = PBXGroup;
			children = (
				2C2A115A1DB76C1F0086001D /* main.m */,
			);
			name = "Supporting Files";
			sourceTree = "<group>";
		};
		2CD0C7191DB76F9400A8819F /* sylar */ = {
			isa = PBXGroup;
			children = (
				2CD0C71E1DB76F9400A8819F /* section */,
				2CD0C71A1DB76F9400A8819F /* helper */,
				2CD0C7201DB76F9500A8819F /* vendor */,
				2CD0C71C1DB76F9400A8819F /* resource */,
			);
			path = sylar;
			sourceTree = "<group>";
		};
		2CD0C71A1DB76F9400A8819F /* helper */ = {
			isa = PBXGroup;
			children = (
				2CD0C76B1DB7843100A8819F /* SFHelper.h */,
				2CD0C76C1DB7843100A8819F /* SFHelper.m */,
			);
			path = helper;
			sourceTree = "<group>";
		};
		2CD0C71C1DB76F9400A8819F /* resource */ = {
			isa = PBXGroup;
			children = (
				2CD0C7391DB77DC400A8819F /* appIcon */,
			);
			path = resource;
			sourceTree = "<group>";
		};
		2CD0C71E1DB76F9400A8819F /* section */ = {
			isa = PBXGroup;
			children = (
				2CD0C7671DB7842100A8819F /* basic */,
				2CD0C75A1DB783E000A8819F /* home */,
				2CD0C75B1DB783E000A8819F /* viewcontroller */,
			);
			path = section;
			sourceTree = "<group>";
		};
		2CD0C7201DB76F9500A8819F /* vendor */ = {
			isa = PBXGroup;
			children = (
				2CD0C7511DB7831B00A8819F /* jsonKit */,
			);
			path = vendor;
			sourceTree = "<group>";
		};
		2CD0C7391DB77DC400A8819F /* appIcon */ = {
			isa = PBXGroup;
			children = (
				2CD0C73B1DB77DC400A8819F /* icon120.png */,
				2CD0C73C1DB77DC400A8819F /* icon180.png */,
				2CD0C73D1DB77DC400A8819F /* icon352.png */,
				2CD0C73E1DB77DC400A8819F /* icon40.png */,
				2CD0C73F1DB77DC400A8819F /* icon58.png */,
				2CD0C7401DB77DC400A8819F /* icon60.png */,
				2CD0C7411DB77DC400A8819F /* icon80.png */,
				2CD0C7421DB77DC400A8819F /* icon87.png */,
			);
			path = appIcon;
			sourceTree = "<group>";
		};
		2CD0C7511DB7831B00A8819F /* jsonKit */ = {
			isa = PBXGroup;
			children = (
				2CD0C7521DB7831B00A8819F /* JSONKit.h */,
				2CD0C7531DB7831B00A8819F /* JSONKit.m */,
			);
			path = jsonKit;
			sourceTree = "<group>";
		};
		2CD0C75A1DB783E000A8819F /* home */ = {
			isa = PBXGroup;
			children = (
				2CD0C7621DB783EE00A8819F /* SFHomeVCTL.h */,
				2CD0C7631DB783EE00A8819F /* SFHomeVCTL.m */,
				2CD0C7641DB783EE00A8819F /* SFHomeVCTL.xib */,
			);
			path = home;
			sourceTree = "<group>";
		};
		2CD0C75B1DB783E000A8819F /* viewcontroller */ = {
			isa = PBXGroup;
			children = (
				2CD0C75C1DB783E000A8819F /* LocalPush */,
			);
			path = viewcontroller;
			sourceTree = "<group>";
		};
		2CD0C75C1DB783E000A8819F /* LocalPush */ = {
			isa = PBXGroup;
			children = (
				2CD0C75D1DB783E000A8819F /* SFLocalPush.h */,
				2CD0C75E1DB783E000A8819F /* SFLocalPush.m */,
				2CD0C75F1DB783E000A8819F /* SFLocalPush.xib */,
			);
			path = LocalPush;
			sourceTree = "<group>";
		};
		2CD0C7671DB7842100A8819F /* basic */ = {
			isa = PBXGroup;
			children = (
				2CD0C7681DB7842100A8819F /* SFBasicVCTL.h */,
				2CD0C7691DB7842100A8819F /* SFBasicVCTL.m */,
			);
			path = basic;
			sourceTree = "<group>";
		};
/* End PBXGroup section */

/* Begin PBXNativeTarget section */
		2C2A11551DB76C1E0086001D /* SimpleFunction */ = {
			isa = PBXNativeTarget;
			buildConfigurationList = 2C2A116D1DB76C1F0086001D /* Build configuration list for PBXNativeTarget "SimpleFunction" */;
			buildPhases = (
				2C2A11521DB76C1E0086001D /* Sources */,
				2C2A11531DB76C1E0086001D /* Frameworks */,
				2C2A11541DB76C1E0086001D /* Resources */,
			);
			buildRules = (
			);
			dependencies = (
			);
			name = SimpleFunction;
			productName = SimpleFunction;
			productReference = 2C2A11561DB76C1F0086001D /* SimpleFunction.app */;
			productType = "com.apple.product-type.application";
		};
/* End PBXNativeTarget section */

/* Begin PBXProject section */
		2C2A114E1DB76C1E0086001D /* Project object */ = {
			isa = PBXProject;
			attributes = {
				CLASSPREFIX = SF;
				LastUpgradeCheck = 0800;
				ORGANIZATIONNAME = sylar;
				TargetAttributes = {
					2C2A11551DB76C1E0086001D = {
						CreatedOnToolsVersion = 8.0;
						DevelopmentTeam = KDQ72H3LGF;
						ProvisioningStyle = Automatic;
					};
				};
			};
			buildConfigurationList = 2C2A11511DB76C1E0086001D /* Build configuration list for PBXProject "SimpleFunction" */;
			compatibilityVersion = "Xcode 3.2";
			developmentRegion = English;
			hasScannedForEncodings = 0;
			knownRegions = (
				en,
				Base,
			);
			mainGroup = 2C2A114D1DB76C1E0086001D;
			productRefGroup = 2C2A11571DB76C1F0086001D /* Products */;
			projectDirPath = "";
			projectRoot = "";
			targets = (
				2C2A11551DB76C1E0086001D /* SimpleFunction */,
			);
		};
/* End PBXProject section */

/* Begin PBXResourcesBuildPhase section */
		2C2A11541DB76C1E0086001D /* Resources */ = {
			isa = PBXResourcesBuildPhase;
			buildActionMask = 2147483647;
			files = (
				2CD0C7611DB783E000A8819F /* SFLocalPush.xib in Resources */,
				2CD0C74A1DB77DC400A8819F /* icon80.png in Resources */,
				2C2A11691DB76C1F0086001D /* LaunchScreen.storyboard in Resources */,
				2CD0C7441DB77DC400A8819F /* icon120.png in Resources */,
				2CD0C74B1DB77DC400A8819F /* icon87.png in Resources */,
				2CD0C7491DB77DC400A8819F /* icon60.png in Resources */,
				2CD0C7481DB77DC400A8819F /* icon58.png in Resources */,
				2CD0C7471DB77DC400A8819F /* icon40.png in Resources */,
				2CD0C7461DB77DC400A8819F /* icon352.png in Resources */,
				2C2A11661DB76C1F0086001D /* Assets.xcassets in Resources */,
				2C2A11641DB76C1F0086001D /* Main.storyboard in Resources */,
				2CD0C7451DB77DC400A8819F /* icon180.png in Resources */,
				2CD0C7661DB783EE00A8819F /* SFHomeVCTL.xib in Resources */,
			);
			runOnlyForDeploymentPostprocessing = 0;
		};
/* End PBXResourcesBuildPhase section */

/* Begin PBXSourcesBuildPhase section */
		2C2A11521DB76C1E0086001D /* Sources */ = {
			isa = PBXSourcesBuildPhase;
			buildActionMask = 2147483647;
			files = (
				2CD0C7601DB783E000A8819F /* SFLocalPush.m in Sources */,
				2C2A11611DB76C1F0086001D /* ViewController.m in Sources */,
				2C2A115E1DB76C1F0086001D /* AppDelegate.m in Sources */,
				2CD0C76A1DB7842100A8819F /* SFBasicVCTL.m in Sources */,
				2C2A115B1DB76C1F0086001D /* main.m in Sources */,
				2CD0C7541DB7831B00A8819F /* JSONKit.m in Sources */,
				2CD0C76D1DB7843100A8819F /* SFHelper.m in Sources */,
				2CD0C7651DB783EE00A8819F /* SFHomeVCTL.m in Sources */,
			);
			runOnlyForDeploymentPostprocessing = 0;
		};
/* End PBXSourcesBuildPhase section */

/* Begin PBXVariantGroup section */
		2C2A11621DB76C1F0086001D /* Main.storyboard */ = {
			isa = PBXVariantGroup;
			children = (
				2C2A11631DB76C1F0086001D /* Base */,
			);
			name = Main.storyboard;
			sourceTree = "<group>";
		};
		2C2A11671DB76C1F0086001D /* LaunchScreen.storyboard */ = {
			isa = PBXVariantGroup;
			children = (
				2C2A11681DB76C1F0086001D /* Base */,
			);
			name = LaunchScreen.storyboard;
			sourceTree = "<group>";
		};
/* End PBXVariantGroup section */

/* Begin XCBuildConfiguration section */
		2C2A116B1DB76C1F0086001D /* Debug */ = {
			isa = XCBuildConfiguration;
			buildSettings = {
				ALWAYS_SEARCH_USER_PATHS = NO;
				CLANG_ANALYZER_NONNULL = YES;
				CLANG_CXX_LANGUAGE_STANDARD = "gnu++0x";
				CLANG_CXX_LIBRARY = "libc++";
				CLANG_ENABLE_MODULES = YES;
				CLANG_ENABLE_OBJC_ARC = YES;
				CLANG_WARN_BOOL_CONVERSION = YES;
				CLANG_WARN_CONSTANT_CONVERSION = YES;
				CLANG_WARN_DIRECT_OBJC_ISA_USAGE = YES_ERROR;
				CLANG_WARN_DOCUMENTATION_COMMENTS = YES;
				CLANG_WARN_EMPTY_BODY = YES;
				CLANG_WARN_ENUM_CONVERSION = YES;
				CLANG_WARN_INFINITE_RECURSION = YES;
				CLANG_WARN_INT_CONVERSION = YES;
				CLANG_WARN_OBJC_ROOT_CLASS = YES_ERROR;
				CLANG_WARN_SUSPICIOUS_MOVES = YES;
				CLANG_WARN_UNREACHABLE_CODE = YES;
				CLANG_WARN__DUPLICATE_METHOD_MATCH = YES;
				"CODE_SIGN_IDENTITY[sdk=iphoneos*]" = "iPhone Developer";
				COPY_PHASE_STRIP = NO;
				DEBUG_INFORMATION_FORMAT = dwarf;
				ENABLE_STRICT_OBJC_MSGSEND = YES;
				ENABLE_TESTABILITY = YES;
				GCC_C_LANGUAGE_STANDARD = gnu99;
				GCC_DYNAMIC_NO_PIC = NO;
				GCC_NO_COMMON_BLOCKS = YES;
				GCC_OPTIMIZATION_LEVEL = 0;
				GCC_PREPROCESSOR_DEFINITIONS = (
					"DEBUG=1",
					"$(inherited)",
				);
				GCC_WARN_64_TO_32_BIT_CONVERSION = YES;
				GCC_WARN_ABOUT_RETURN_TYPE = YES_ERROR;
				GCC_WARN_UNDECLARED_SELECTOR = YES;
				GCC_WARN_UNINITIALIZED_AUTOS = YES_AGGRESSIVE;
				GCC_WARN_UNUSED_FUNCTION = YES;
				GCC_WARN_UNUSED_VARIABLE = YES;
				IPHONEOS_DEPLOYMENT_TARGET = 10.0;
				MTL_ENABLE_DEBUG_INFO = YES;
				ONLY_ACTIVE_ARCH = YES;
				SDKROOT = iphoneos;
			};
			name = Debug;
		};
		2C2A116C1DB76C1F0086001D /* Release */ = {
			isa = XCBuildConfiguration;
			buildSettings = {
				ALWAYS_SEARCH_USER_PATHS = NO;
				CLANG_ANALYZER_NONNULL = YES;
				CLANG_CXX_LANGUAGE_STANDARD = "gnu++0x";
				CLANG_CXX_LIBRARY = "libc++";
				CLANG_ENABLE_MODULES = YES;
				CLANG_ENABLE_OBJC_ARC = YES;
				CLANG_WARN_BOOL_CONVERSION = YES;
				CLANG_WARN_CONSTANT_CONVERSION = YES;
				CLANG_WARN_DIRECT_OBJC_ISA_USAGE = YES_ERROR;
				CLANG_WARN_DOCUMENTATION_COMMENTS = YES;
				CLANG_WARN_EMPTY_BODY = YES;
				CLANG_WARN_ENUM_CONVERSION = YES;
				CLANG_WARN_INFINITE_RECURSION = YES;
				CLANG_WARN_INT_CONVERSION = YES;
				CLANG_WARN_OBJC_ROOT_CLASS = YES_ERROR;
				CLANG_WARN_SUSPICIOUS_MOVES = YES;
				CLANG_WARN_UNREACHABLE_CODE = YES;
				CLANG_WARN__DUPLICATE_METHOD_MATCH = YES;
				"CODE_SIGN_IDENTITY[sdk=iphoneos*]" = "iPhone Developer";
				COPY_PHASE_STRIP = NO;
				DEBUG_INFORMATION_FORMAT = "dwarf-with-dsym";
				ENABLE_NS_ASSERTIONS = NO;
				ENABLE_STRICT_OBJC_MSGSEND = YES;
				GCC_C_LANGUAGE_STANDARD = gnu99;
				GCC_NO_COMMON_BLOCKS = YES;
				GCC_WARN_64_TO_32_BIT_CONVERSION = YES;
				GCC_WARN_ABOUT_RETURN_TYPE = YES_ERROR;
				GCC_WARN_UNDECLARED_SELECTOR = YES;
				GCC_WARN_UNINITIALIZED_AUTOS = YES_AGGRESSIVE;
				GCC_WARN_UNUSED_FUNCTION = YES;
				GCC_WARN_UNUSED_VARIABLE = YES;
				IPHONEOS_DEPLOYMENT_TARGET = 10.0;
				MTL_ENABLE_DEBUG_INFO = NO;
				SDKROOT = iphoneos;
				VALIDATE_PRODUCT = YES;
			};
			name = Release;
		};
		2C2A116E1DB76C1F0086001D /* Debug */ = {
			isa = XCBuildConfiguration;
			buildSettings = {
				ASSETCATALOG_COMPILER_APPICON_NAME = AppIcon;
				DEVELOPMENT_TEAM = KDQ72H3LGF;
				INFOPLIST_FILE = SimpleFunction/Info.plist;
				LD_RUNPATH_SEARCH_PATHS = "$(inherited) @executable_path/Frameworks";
				PRODUCT_BUNDLE_IDENTIFIER = abcdefg.SimpleFunction;
				PRODUCT_NAME = "$(TARGET_NAME)";
			};
			name = Debug;
		};
		2C2A116F1DB76C1F0086001D /* Release */ = {
			isa = XCBuildConfiguration;
			buildSettings = {
				ASSETCATALOG_COMPILER_APPICON_NAME = AppIcon;
				DEVELOPMENT_TEAM = KDQ72H3LGF;
				INFOPLIST_FILE = SimpleFunction/Info.plist;
				LD_RUNPATH_SEARCH_PATHS = "$(inherited) @executable_path/Frameworks";
				PRODUCT_BUNDLE_IDENTIFIER = abcdefg.SimpleFunction;
				PRODUCT_NAME = "$(TARGET_NAME)";
			};
			name = Release;
		};
/* End XCBuildConfiguration section */

/* Begin XCConfigurationList section */
		2C2A11511DB76C1E0086001D /* Build configuration list for PBXProject "SimpleFunction" */ = {
			isa = XCConfigurationList;
			buildConfigurations = (
				2C2A116B1DB76C1F0086001D /* Debug */,
				2C2A116C1DB76C1F0086001D /* Release */,
			);
			defaultConfigurationIsVisible = 0;
			defaultConfigurationName = Release;
		};
		2C2A116D1DB76C1F0086001D /* Build configuration list for PBXNativeTarget "SimpleFunction" */ = {
			isa = XCConfigurationList;
			buildConfigurations = (
				2C2A116E1DB76C1F0086001D /* Debug */,
				2C2A116F1DB76C1F0086001D /* Release */,
			);
			defaultConfigurationIsVisible = 0;
			defaultConfigurationName = Release;
		};
/* End XCConfigurationList section */
	};
	rootObject = 2C2A114E1DB76C1E0086001D /* Project object */;
}
